
Microsoft Visual Studio Solution File, Format Version 12.00
# Visual Studio Version 16
VisualStudioVersion = 16.0.28729.10
MinimumVisualStudioVersion = 10.0.40219.1
Project("{FAE04EC0-301F-11D3-BF4B-00C04F79EFBC}") = "1_Multiples of 3 and 5", "Multiples of 3 and 5\1_Multiples of 3 and 5.csproj", "{C60996E6-C66F-45C8-86C6-746FC4BE30F2}"
EndProject
Project("{FAE04EC0-301F-11D3-BF4B-00C04F79EFBC}") = "3_Even Fibonacci numbers", "Even Fibonacci numbers\3_Even Fibonacci numbers.csproj", "{7888E3E1-C524-456D-8468-4E6303486959}"
EndProject
Project("{FAE04EC0-301F-11D3-BF4B-00C04F79EFBC}") = "2_Largest prime factor", "Largest prime factor\2_Largest prime factor.csproj", "{EBF58C49-E617-4E9D-AEEA-45DB355FA671}"
EndProject
Project("{FAE04EC0-301F-11D3-BF4B-00C04F79EFBC}") = "4_Largest palindrome product", "4_Largest palindrome product\4_Largest palindrome product.csproj", "{C7DC8BCE-C991-4EB0-A522-AFBA0D69DB33}"
EndProject
Project("{FAE04EC0-301F-11D3-BF4B-00C04F79EFBC}") = "5_Smallest multiple", "5_Smallest multiple\5_Smallest multiple.csproj", "{5799CA1E-C319-4C41-9043-1CDC2A561B51}"
EndProject
Project("{FAE04EC0-301F-11D3-BF4B-00C04F79EFBC}") = "6_Sum square difference", "6_Sum square difference\6_Sum square difference.csproj", "{BCF5308F-7E39-43DF-9807-B3B1D7D13D24}"
EndProject
Project("{FAE04EC0-301F-11D3-BF4B-00C04F79EFBC}") = "7_10001st prime", "7_10001st prime\7_10001st prime.csproj", "{996413C5-2DCF-411B-93BB-F67F35F6D16B}"
EndProject
Project("{FAE04EC0-301F-11D3-BF4B-00C04F79EFBC}") = "8_Largest product in a series", "8_Largest product in a series\8_Largest product in a series.csproj", "{7FCDAA13-403E-4F5B-B9CC-C4C772DE683D}"
EndProject
Project("{FAE04EC0-301F-11D3-BF4B-00C04F79EFBC}") = "18_Maximum path sum I", "18_Maximum path sum I\18_Maximum path sum I.csproj", "{0B702D9D-9760-4729-8343-AD5155474D2D}"
EndProject
Project("{FAE04EC0-301F-11D3-BF4B-00C04F79EFBC}") = "67_Maximum path sum II", "67_Maximum path sum II\67_Maximum path sum II.csproj", "{A8A7A258-EFFD-4C09-92A1-566A7D350E58}"
EndProject
Project("{FAE04EC0-301F-11D3-BF4B-00C04F79EFBC}") = "36_Double-base palindromes", "36_Double-base palindromes\36_Double-base palindromes.csproj", "{1E1E580A-204F-4529-9856-3507F1DA549B}"
EndProject
Project("{FAE04EC0-301F-11D3-BF4B-00C04F79EFBC}") = "343_Fractional Sequences", "343_Fractional Sequences\343_Fractional Sequences.csproj", "{0F5756DE-449E-48C7-B2E0-E33E56C5B86A}"
EndProject
Project("{FAE04EC0-301F-11D3-BF4B-00C04F79EFBC}") = "21_Amicable numbers", "21_Amicable numbers\21_Amicable numbers.csproj", "{4CCD56BB-15B3-446B-B3CC-A5E7BE5C0206}"
EndProject
Project("{FAE04EC0-301F-11D3-BF4B-00C04F79EFBC}") = "96_Su Doku", "96_Su Doku\96_Su Doku.csproj", "{487E6146-966F-4777-A83A-C070B1223EC1}"
EndProject
Global
	GlobalSection(SolutionConfigurationPlatforms) = preSolution
		Debug|Any CPU = Debug|Any CPU
		Release|Any CPU = Release|Any CPU
	EndGlobalSection
	GlobalSection(ProjectConfigurationPlatforms) = postSolution
		{C60996E6-C66F-45C8-86C6-746FC4BE30F2}.Debug|Any CPU.ActiveCfg = Debug|Any CPU
		{C60996E6-C66F-45C8-86C6-746FC4BE30F2}.Debug|Any CPU.Build.0 = Debug|Any CPU
		{C60996E6-C66F-45C8-86C6-746FC4BE30F2}.Release|Any CPU.ActiveCfg = Release|Any CPU
		{C60996E6-C66F-45C8-86C6-746FC4BE30F2}.Release|Any CPU.Build.0 = Release|Any CPU
		{7888E3E1-C524-456D-8468-4E6303486959}.Debug|Any CPU.ActiveCfg = Debug|Any CPU
		{7888E3E1-C524-456D-8468-4E6303486959}.Debug|Any CPU.Build.0 = Debug|Any CPU
		{7888E3E1-C524-456D-8468-4E6303486959}.Release|Any CPU.ActiveCfg = Release|Any CPU
		{7888E3E1-C524-456D-8468-4E6303486959}.Release|Any CPU.Build.0 = Release|Any CPU
		{EBF58C49-E617-4E9D-AEEA-45DB355FA671}.Debug|Any CPU.ActiveCfg = Debug|Any CPU
		{EBF58C49-E617-4E9D-AEEA-45DB355FA671}.Debug|Any CPU.Build.0 = Debug|Any CPU
		{EBF58C49-E617-4E9D-AEEA-45DB355FA671}.Release|Any CPU.ActiveCfg = Release|Any CPU
		{EBF58C49-E617-4E9D-AEEA-45DB355FA671}.Release|Any CPU.Build.0 = Release|Any CPU
		{C7DC8BCE-C991-4EB0-A522-AFBA0D69DB33}.Debug|Any CPU.ActiveCfg = Debug|Any CPU
		{C7DC8BCE-C991-4EB0-A522-AFBA0D69DB33}.Debug|Any CPU.Build.0 = Debug|Any CPU
		{C7DC8BCE-C991-4EB0-A522-AFBA0D69DB33}.Release|Any CPU.ActiveCfg = Release|Any CPU
		{C7DC8BCE-C991-4EB0-A522-AFBA0D69DB33}.Release|Any CPU.Build.0 = Release|Any CPU
		{5799CA1E-C319-4C41-9043-1CDC2A561B51}.Debug|Any CPU.ActiveCfg = Debug|Any CPU
		{5799CA1E-C319-4C41-9043-1CDC2A561B51}.Debug|Any CPU.Build.0 = Debug|Any CPU
		{5799CA1E-C319-4C41-9043-1CDC2A561B51}.Release|Any CPU.ActiveCfg = Release|Any CPU
		{5799CA1E-C319-4C41-9043-1CDC2A561B51}.Release|Any CPU.Build.0 = Release|Any CPU
		{BCF5308F-7E39-43DF-9807-B3B1D7D13D24}.Debug|Any CPU.ActiveCfg = Debug|Any CPU
		{BCF5308F-7E39-43DF-9807-B3B1D7D13D24}.Debug|Any CPU.Build.0 = Debug|Any CPU
		{BCF5308F-7E39-43DF-9807-B3B1D7D13D24}.Release|Any CPU.ActiveCfg = Release|Any CPU
		{BCF5308F-7E39-43DF-9807-B3B1D7D13D24}.Release|Any CPU.Build.0 = Release|Any CPU
		{996413C5-2DCF-411B-93BB-F67F35F6D16B}.Debug|Any CPU.ActiveCfg = Debug|Any CPU
		{996413C5-2DCF-411B-93BB-F67F35F6D16B}.Debug|Any CPU.Build.0 = Debug|Any CPU
		{996413C5-2DCF-411B-93BB-F67F35F6D16B}.Release|Any CPU.ActiveCfg = Release|Any CPU
		{996413C5-2DCF-411B-93BB-F67F35F6D16B}.Release|Any CPU.Build.0 = Release|Any CPU
		{7FCDAA13-403E-4F5B-B9CC-C4C772DE683D}.Debug|Any CPU.ActiveCfg = Debug|Any CPU
		{7FCDAA13-403E-4F5B-B9CC-C4C772DE683D}.Debug|Any CPU.Build.0 = Debug|Any CPU
		{7FCDAA13-403E-4F5B-B9CC-C4C772DE683D}.Release|Any CPU.ActiveCfg = Release|Any CPU
		{7FCDAA13-403E-4F5B-B9CC-C4C772DE683D}.Release|Any CPU.Build.0 = Release|Any CPU
		{0B702D9D-9760-4729-8343-AD5155474D2D}.Debug|Any CPU.ActiveCfg = Debug|Any CPU
		{0B702D9D-9760-4729-8343-AD5155474D2D}.Debug|Any CPU.Build.0 = Debug|Any CPU
		{0B702D9D-9760-4729-8343-AD5155474D2D}.Release|Any CPU.ActiveCfg = Release|Any CPU
		{0B702D9D-9760-4729-8343-AD5155474D2D}.Release|Any CPU.Build.0 = Release|Any CPU
		{A8A7A258-EFFD-4C09-92A1-566A7D350E58}.Debug|Any CPU.ActiveCfg = Debug|Any CPU
		{A8A7A258-EFFD-4C09-92A1-566A7D350E58}.Debug|Any CPU.Build.0 = Debug|Any CPU
		{A8A7A258-EFFD-4C09-92A1-566A7D350E58}.Release|Any CPU.ActiveCfg = Release|Any CPU
		{A8A7A258-EFFD-4C09-92A1-566A7D350E58}.Release|Any CPU.Build.0 = Release|Any CPU
		{1E1E580A-204F-4529-9856-3507F1DA549B}.Debug|Any CPU.ActiveCfg = Debug|Any CPU
		{1E1E580A-204F-4529-9856-3507F1DA549B}.Debug|Any CPU.Build.0 = Debug|Any CPU
		{1E1E580A-204F-4529-9856-3507F1DA549B}.Release|Any CPU.ActiveCfg = Release|Any CPU
		{1E1E580A-204F-4529-9856-3507F1DA549B}.Release|Any CPU.Build.0 = Release|Any CPU
		{0F5756DE-449E-48C7-B2E0-E33E56C5B86A}.Debug|Any CPU.ActiveCfg = Debug|Any CPU
		{0F5756DE-449E-48C7-B2E0-E33E56C5B86A}.Debug|Any CPU.Build.0 = Debug|Any CPU
		{0F5756DE-449E-48C7-B2E0-E33E56C5B86A}.Release|Any CPU.ActiveCfg = Release|Any CPU
		{0F5756DE-449E-48C7-B2E0-E33E56C5B86A}.Release|Any CPU.Build.0 = Release|Any CPU
		{4CCD56BB-15B3-446B-B3CC-A5E7BE5C0206}.Debug|Any CPU.ActiveCfg = Debug|Any CPU
		{4CCD56BB-15B3-446B-B3CC-A5E7BE5C0206}.Debug|Any CPU.Build.0 = Debug|Any CPU
		{4CCD56BB-15B3-446B-B3CC-A5E7BE5C0206}.Release|Any CPU.ActiveCfg = Release|Any CPU
		{4CCD56BB-15B3-446B-B3CC-A5E7BE5C0206}.Release|Any CPU.Build.0 = Release|Any CPU
		{487E6146-966F-4777-A83A-C070B1223EC1}.Debug|Any CPU.ActiveCfg = Debug|Any CPU
		{487E6146-966F-4777-A83A-C070B1223EC1}.Debug|Any CPU.Build.0 = Debug|Any CPU
		{487E6146-966F-4777-A83A-C070B1223EC1}.Release|Any CPU.ActiveCfg = Release|Any CPU
		{487E6146-966F-4777-A83A-C070B1223EC1}.Release|Any CPU.Build.0 = Release|Any CPU
	EndGlobalSection
	GlobalSection(SolutionProperties) = preSolution
		HideSolutionNode = FALSE
	EndGlobalSection
	GlobalSection(ExtensibilityGlobals) = postSolution
		SolutionGuid = {298340A6-58AF-4D5A-96F2-97AC1738CE7C}
	EndGlobalSection
EndGlobal
